{
  "name": "node-baka",
  "version": "0.1.0",
  "lockfileVersion": 1,
  "requires": true,
  "dependencies": {
    "ansi-regex": {
      "version": "2.1.1",
      "resolved": "https://registry.npmjs.org/ansi-regex/-/ansi-regex-2.1.1.tgz",
      "integrity": "sha1-w7M6te42DYbg5ijwRorn7yfWVN8="
    },
    "ansi.js": {
      "version": "0.0.5",
      "resolved": "https://registry.npmjs.org/ansi.js/-/ansi.js-0.0.5.tgz",
      "integrity": "sha1-4+nkXraXe6Du7u0RZ30SFEZ1NIw=",
      "requires": {
        "on-new-line": "0.0.1"
      },
      "dependencies": {
        "on-new-line": {
          "version": "0.0.1",
          "resolved": "https://registry.npmjs.org/on-new-line/-/on-new-line-0.0.1.tgz",
          "integrity": "sha1-mTOcsG3P4+eNaWSi7yrzdKFF+Ps="
        }
      }
    },
    "ascii-progress": {
      "version": "1.0.5",
      "resolved": "https://registry.npmjs.org/ascii-progress/-/ascii-progress-1.0.5.tgz",
      "integrity": "sha1-lhCqEnq3lK9WHok2E8NskG942e4=",
      "requires": {
        "ansi.js": "0.0.5",
        "end-with": "1.0.2",
        "get-cursor-position": "1.0.3",
        "on-new-line": "1.0.0",
        "start-with": "1.0.2"
      }
    },
    "code-point-at": {
      "version": "1.1.0",
      "resolved": "https://registry.npmjs.org/code-point-at/-/code-point-at-1.1.0.tgz",
      "integrity": "sha1-DQcLTQQ6W+ozovGkDi7bPZpMz3c="
    },
    "commander": {
      "version": "2.14.1",
      "resolved": "https://registry.npmjs.org/commander/-/commander-2.14.1.tgz",
      "integrity": "sha512-+YR16o3rK53SmWHU3rEM3tPAh2rwb1yPcQX5irVn7mb0gXbwuCCrnkbV5+PBfETdfg1vui07nM6PCG1zndcjQw=="
    },
    "end-with": {
      "version": "1.0.2",
      "resolved": "https://registry.npmjs.org/end-with/-/end-with-1.0.2.tgz",
      "integrity": "sha1-pDJ1WrT1Hn/HTzpxnGuB311mi9w="
    },
    "get-cursor-position": {
      "version": "1.0.3",
      "resolved": "https://registry.npmjs.org/get-cursor-position/-/get-cursor-position-1.0.3.tgz",
      "integrity": "sha1-DkHWA0O3BYNqUo1ppeCZ4sUQjWM="
    },
    "is-fullwidth-code-point": {
      "version": "1.0.0",
      "resolved": "https://registry.npmjs.org/is-fullwidth-code-point/-/is-fullwidth-code-point-1.0.0.tgz",
      "integrity": "sha1-754xOG8DGn8NZDr4L95QxFfvAMs=",
      "requires": {
        "number-is-nan": "1.0.1"
      }
    },
    "minami": {
      "version": "1.2.3",
      "resolved": "https://registry.npmjs.org/minami/-/minami-1.2.3.tgz",
      "integrity": "sha1-mbbc37LwpU2hycj3qjoyd4eq+fg=",
      "dev": true
    },
    "number-is-nan": {
      "version": "1.0.1",
      "resolved": "https://registry.npmjs.org/number-is-nan/-/number-is-nan-1.0.1.tgz",
      "integrity": "sha1-CXtgK1NCKlIsGvuHkDGDNpQaAR0="
    },
    "on-new-line": {
      "version": "1.0.0",
      "resolved": "https://registry.npmjs.org/on-new-line/-/on-new-line-1.0.0.tgz",
      "integrity": "sha1-hYW8KGbIwOGS5BCm1jvdFyIUiuc="
    },
    "single-line-log": {
      "version": "1.1.2",
      "resolved": "https://registry.npmjs.org/single-line-log/-/single-line-log-1.1.2.tgz",
      "integrity": "sha1-wvg/Jzo+GhbtsJlWYdoO1e8DM2Q=",
      "requires": {
        "string-width": "1.0.2"
      }
    },
    "speedometer": {
      "version": "1.0.0",
      "resolved": "https://registry.npmjs.org/speedometer/-/speedometer-1.0.0.tgz",
      "integrity": "sha1-zWccsGdSwivKM3Di8zREC+T8YuI="
    },
    "start-with": {
      "version": "1.0.2",
      "resolved": "https://registry.npmjs.org/start-with/-/start-with-1.0.2.tgz",
      "integrity": "sha1-oGml9GqV/Kfwh0+Foo9lPQCVwmc="
    },
    "string-width": {
      "version": "1.0.2",
      "resolved": "https://registry.npmjs.org/string-width/-/string-width-1.0.2.tgz",
      "integrity": "sha1-EYvfW4zcUaKn5w0hHgfisLmxB9M=",
      "requires": {
        "code-point-at": "1.1.0",
        "is-fullwidth-code-point": "1.0.0",
        "strip-ansi": "3.0.1"
      }
    },
    "strip-ansi": {
      "version": "3.0.1",
      "resolved": "https://registry.npmjs.org/strip-ansi/-/strip-ansi-3.0.1.tgz",
      "integrity": "sha1-ajhfuIU9lS1f8F0Oiq+UJ43GPc8=",
      "requires": {
        "ansi-regex": "2.1.1"
      }
    }
  }
}
